PODS:
  - Alamofire (4.8.0)
  - AlamofireObjectMapper (5.2.0):
    - Alamofire (~> 4.7)
    - ObjectMapper (~> 3.4)
  - KeychainSwift (13.0.0)
  - ObjectMapper (3.4.2)
  - RxAtomic (4.4.0)
  - RxBlocking (4.4.0):
    - RxAtomic (~> 4.4)
    - RxSwift (~> 4.0)
  - RxCocoa (4.4.0):
    - RxSwift (~> 4.0)
  - RxSwift (4.4.0):
    - RxAtomic (~> 4.4)
  - RxTest (4.4.0):
    - RxAtomic (~> 4.4)
    - RxSwift (~> 4.0)

DEPENDENCIES:
  - Alamofire
  - AlamofireObjectMapper
  - KeychainSwift
  - RxBlocking
  - RxCocoa
  - RxSwift
  - RxTest

SPEC CHECKSUMS:
  Alamofire: 3ec537f71edc9804815215393ae2b1a8ea33a844
  AlamofireObjectMapper: 92b6ce2423a9d159e686f6a1d514a009bf903ddc
  KeychainSwift: 23d6c16cbc33f20fafa30c3d783241b4b87d998c
  ObjectMapper: 0d4402610f4e468903ae64629eec4784531e5c51
  RxAtomic: eacf60db868c96bfd63320e28619fe29c179656f
  RxBlocking: 138ad53217434444d6eeeb4fb406a45431d92e31
  RxCocoa: df63ebf7b9a70d6b4eeea407ed5dd4efc8979749
  RxSwift: 5976ecd04fc2fefd648827c23de5e11157faa973
  RxTest: 19d03286bdc0a3aaea5d61d4cde31fdf4bb8a5ba

PODFILE CHECKSUM: 35435bffa8620f9d4f052d3a2c28a75dd10c6a3f

COCOAPODS: 1.4.0
